{
  "name": "test-folder",
  "lockfileVersion": 2,
  "requires": true,
  "packages": {
    "": {
      "dependencies": {
        "elosystems": "^1.0.7"
      }
    },
    "../package": {
      "name": "elosystems",
      "version": "1.0.2",
      "extraneous": true,
      "license": "MIT"
    },
    "node_modules/elosystems": {
      "version": "1.0.7",
      "resolved": "https://registry.npmjs.org/elosystems/-/elosystems-1.0.7.tgz",
      "integrity": "sha512-iE4F8l5cNR+oa86PYRor0CF6gpACavhwH7FpTVUTbJyIXlwrRsEHzDakGuBCVMu1b/Gu0Cs6J/rNH2ceJlneoQ=="
    }
  },
  "dependencies": {
    "elosystems": {
      "version": "1.0.7",
      "resolved": "https://registry.npmjs.org/elosystems/-/elosystems-1.0.7.tgz",
      "integrity": "sha512-iE4F8l5cNR+oa86PYRor0CF6gpACavhwH7FpTVUTbJyIXlwrRsEHzDakGuBCVMu1b/Gu0Cs6J/rNH2ceJlneoQ=="
    }
  }
}
